<?xml version="1.0" encoding="utf-8"?>
<Project ToolsVersion="4.0" xmlns="http://schemas.microsoft.com/developer/msbuild/2003">
  <ItemGroup>
    <ClCompile Include="main.cpp">
      <Filter>Source Files</Filter>
    </ClCompile>
    <ClCompile Include="Entities\cell.cpp">
      <Filter>Resource Files\Entities</Filter>
    </ClCompile>
    <ClCompile Include="Controllers\Battle.cpp">
      <Filter>Resource Files\Entities</Filter>
    </ClCompile>
    <ClCompile Include="Entities\Barrack.cpp">
      <Filter>Resource Files\Entities</Filter>
    </ClCompile>
    <ClCompile Include="Entities\Map.cpp">
      <Filter>Resource Files\Entities</Filter>
    </ClCompile>
    <ClCompile Include="Entities\Unit.cpp">
      <Filter>Resource Files\Entities</Filter>
    </ClCompile>
    <ClCompile Include="Entities\Wizard.cpp">
      <Filter>Resource Files\Entities</Filter>
    </ClCompile>
    <ClCompile Include="Controllers\GameManager.cpp">
      <Filter>Resource Files\Controllers</Filter>
    </ClCompile>
    <ClCompile Include="Utils\Menu.cpp">
      <Filter>Resource Files\Utils</Filter>
    </ClCompile>
    <ClCompile Include="Entities\Army.cpp">
      <Filter>Resource Files\Entities</Filter>
    </ClCompile>
  </ItemGroup>
  <ItemGroup>
    <ClInclude Include="Entities\cell.h">
      <Filter>Resource Files\Entities</Filter>
    </ClInclude>
    <ClInclude Include="Entities\Barrack.h">
      <Filter>Resource Files\Entities</Filter>
    </ClInclude>
    <ClInclude Include="Entities\Archer.h">
      <Filter>Resource Files\Entities</Filter>
    </ClInclude>
    <ClInclude Include="Entities\Map.h">
      <Filter>Resource Files\Entities</Filter>
    </ClInclude>
    <ClInclude Include="Entities\Swordsman.h">
      <Filter>Resource Files\Entities</Filter>
    </ClInclude>
    <ClInclude Include="Entities\Tank.h">
      <Filter>Resource Files\Entities</Filter>
    </ClInclude>
    <ClInclude Include="Entities\Unit.h">
      <Filter>Resource Files\Entities</Filter>
    </ClInclude>
    <ClInclude Include="Utils\Menu.h">
      <Filter>Resource Files\Utils</Filter>
    </ClInclude>
    <ClInclude Include="Entities\Army.h">
      <Filter>Resource Files\Entities</Filter>
    </ClInclude>
    <ClInclude Include="Controllers\GameManager.h">
      <Filter>Resource Files\Controllers</Filter>
    </ClInclude>
    <ClInclude Include="Entities\Wizard.h">
      <Filter>Resource Files\Entities</Filter>
    </ClInclude>
    <ClInclude Include="Entities\BarrackWizard.h">
      <Filter>Resource Files\Entities</Filter>
    </ClInclude>
    <ClInclude Include="Entities\BarrackTank.h">
      <Filter>Resource Files\Entities</Filter>
    </ClInclude>
    <ClInclude Include="Entities\BarrackArcher.h">
      <Filter>Resource Files\Entities</Filter>
    </ClInclude>
    <ClInclude Include="Entities\BarrackSwordsman.h">
      <Filter>Resource Files\Entities</Filter>
    </ClInclude>
    <ClInclude Include="Controllers\GameManager.h">
      <Filter>Resource Files\Controllers</Filter>
    </ClInclude>
  </ItemGroup>
  <ItemGroup>
    <None Include="..\..\.gitignore" />
  </ItemGroup>
  <ItemGroup>
    <Filter Include="Resource Files">
      <UniqueIdentifier>{6153ae8e-f960-44c0-996a-da6d143561d9}</UniqueIdentifier>
    </Filter>
    <Filter Include="Header Files">
      <UniqueIdentifier>{eefe24d1-6891-4dc5-bfd9-454caeca2ac4}</UniqueIdentifier>
    </Filter>
    <Filter Include="Resource Files\Utils">
      <UniqueIdentifier>{850682fb-f892-4504-a271-3f7cd728cfb9}</UniqueIdentifier>
    </Filter>
    <Filter Include="Resource Files\Controllers">
      <UniqueIdentifier>{37bf7b38-9b81-4726-b3e4-73e2bfa92259}</UniqueIdentifier>
    </Filter>
    <Filter Include="Source Files">
      <UniqueIdentifier>{cfea3ae9-6152-4de1-9720-0076d604b23d}</UniqueIdentifier>
    </Filter>
    <Filter Include="Resource Files\Entities">
      <UniqueIdentifier>{bb6394d9-c2d3-499c-8d4a-39f3617a8949}</UniqueIdentifier>
    </Filter>
  </ItemGroup>
  <ItemGroup>
    <Text Include="Utils\Read_Edit_Map.txt">
      <Filter>Resource Files\Utils</Filter>
    </Text>
    <Text Include="Utils\log.txt">
      <Filter>Resource Files\Utils</Filter>
    </Text>
  </ItemGroup>
</Project>